
Microsoft Visual Studio Solution File, Format Version 12.00
# Visual Studio Version 16
VisualStudioVersion = 16.0.29009.5
MinimumVisualStudioVersion = 10.0.40219.1
Project("{9A19103F-16F7-4668-BE54-9A1E7A4F7556}") = "FireNetworking.Server", "FireNetworking.Server\FireNetworking.Server.csproj", "{1C1BC4C2-A774-4D2B-BA7B-676BB14032BF}"
EndProject
Project("{9A19103F-16F7-4668-BE54-9A1E7A4F7556}") = "FireNetworking.Client", "FireNetworking.Client\FireNetworking.Client.csproj", "{254EB50B-7749-4EFA-B29A-72818EACDABD}"
EndProject
Project("{9A19103F-16F7-4668-BE54-9A1E7A4F7556}") = "FireNetworking.Common", "FireNetworking.Common\FireNetworking.Common.csproj", "{545260D9-ED61-4CBF-8B9E-8F834E99816E}"
EndProject
Global
	GlobalSection(SolutionConfigurationPlatforms) = preSolution
		Debug|Any CPU = Debug|Any CPU
		Release|Any CPU = Release|Any CPU
	EndGlobalSection
	GlobalSection(ProjectConfigurationPlatforms) = postSolution
		{1C1BC4C2-A774-4D2B-BA7B-676BB14032BF}.Debug|Any CPU.ActiveCfg = Debug|Any CPU
		{1C1BC4C2-A774-4D2B-BA7B-676BB14032BF}.Debug|Any CPU.Build.0 = Debug|Any CPU
		{1C1BC4C2-A774-4D2B-BA7B-676BB14032BF}.Release|Any CPU.ActiveCfg = Release|Any CPU
		{1C1BC4C2-A774-4D2B-BA7B-676BB14032BF}.Release|Any CPU.Build.0 = Release|Any CPU
		{254EB50B-7749-4EFA-B29A-72818EACDABD}.Debug|Any CPU.ActiveCfg = Debug|Any CPU
		{254EB50B-7749-4EFA-B29A-72818EACDABD}.Debug|Any CPU.Build.0 = Debug|Any CPU
		{254EB50B-7749-4EFA-B29A-72818EACDABD}.Release|Any CPU.ActiveCfg = Release|Any CPU
		{254EB50B-7749-4EFA-B29A-72818EACDABD}.Release|Any CPU.Build.0 = Release|Any CPU
		{545260D9-ED61-4CBF-8B9E-8F834E99816E}.Debug|Any CPU.ActiveCfg = Debug|Any CPU
		{545260D9-ED61-4CBF-8B9E-8F834E99816E}.Debug|Any CPU.Build.0 = Debug|Any CPU
		{545260D9-ED61-4CBF-8B9E-8F834E99816E}.Release|Any CPU.ActiveCfg = Release|Any CPU
		{545260D9-ED61-4CBF-8B9E-8F834E99816E}.Release|Any CPU.Build.0 = Release|Any CPU
	EndGlobalSection
	GlobalSection(SolutionProperties) = preSolution
		HideSolutionNode = FALSE
	EndGlobalSection
	GlobalSection(ExtensibilityGlobals) = postSolution
		SolutionGuid = {56766E9C-C672-46B3-8918-470BB75A0E12}
	EndGlobalSection
EndGlobal
